// !$*UTF8*$!
{
	archiveVersion = 1;
	classes = {
	};
	objectVersion = 77;
	objects = {

/* Begin PBXBuildFile section */
		38B1B6352CD6B384004FD50B /* README.txt in Resources */ = {isa = PBXBuildFile; fileRef = 38B1B6342CD6B384004FD50B /* README.txt */; };
/* End PBXBuildFile section */

/* Begin PBXContainerItemProxy section */
		38B1B5F72CD68B5D004FD50B /* PBXContainerItemProxy */ = {
			isa = PBXContainerItemProxy;
			containerPortal = 38B1B5DE2CD68B5B004FD50B /* Project object */;
			proxyType = 1;
			remoteGlobalIDString = 38B1B5E52CD68B5B004FD50B;
			remoteInfo = "To-do-list";
		};
		38B1B6012CD68B5D004FD50B /* PBXContainerItemProxy */ = {
			isa = PBXContainerItemProxy;
			containerPortal = 38B1B5DE2CD68B5B004FD50B /* Project object */;
			proxyType = 1;
			remoteGlobalIDString = 38B1B5E52CD68B5B004FD50B;
			remoteInfo = "To-do-list";
		};
/* End PBXContainerItemProxy section */

/* Begin PBXFileReference section */
		38B1B5E62CD68B5B004FD50B /* To-do-list.app */ = {isa = PBXFileReference; explicitFileType = wrapper.application; includeInIndex = 0; path = "To-do-list.app"; sourceTree = BUILT_PRODUCTS_DIR; };
		38B1B5F62CD68B5D004FD50B /* To-do-listTests.xctest */ = {isa = PBXFileReference; explicitFileType = wrapper.cfbundle; includeInIndex = 0; path = "To-do-listTests.xctest"; sourceTree = BUILT_PRODUCTS_DIR; };
		38B1B6002CD68B5D004FD50B /* To-do-listUITests.xctest */ = {isa = PBXFileReference; explicitFileType = wrapper.cfbundle; includeInIndex = 0; path = "To-do-listUITests.xctest"; sourceTree = BUILT_PRODUCTS_DIR; };
		38B1B6342CD6B384004FD50B /* README.txt */ = {isa = PBXFileReference; lastKnownFileType = text; path = README.txt; sourceTree = "<group>"; };
/* End PBXFileReference section */

/* Begin PBXFileSystemSynchronizedRootGroup section */
		38B1B5E82CD68B5B004FD50B /* To-do-list */ = {
			isa = PBXFileSystemSynchronizedRootGroup;
			path = "To-do-list";
			sourceTree = "<group>";
		};
		38B1B5F92CD68B5D004FD50B /* To-do-listTests */ = {
			isa = PBXFileSystemSynchronizedRootGroup;
			path = "To-do-listTests";
			sourceTree = "<group>";
		};
		38B1B6032CD68B5D004FD50B /* To-do-listUITests */ = {
			isa = PBXFileSystemSynchronizedRootGroup;
			path = "To-do-listUITests";
			sourceTree = "<group>";
		};
/* End PBXFileSystemSynchronizedRootGroup section */

/* Begin PBXFrameworksBuildPhase section */
		38B1B5E32CD68B5B004FD50B /* Frameworks */ = {
			isa = PBXFrameworksBuildPhase;
			buildActionMask = 2147483647;
			files = (
			);
			runOnlyForDeploymentPostprocessing = 0;
		};
		38B1B5F32CD68B5D004FD50B /* Frameworks */ = {
			isa = PBXFrameworksBuildPhase;
			buildActionMask = 2147483647;
			files = (
			);
			runOnlyForDeploymentPostprocessing = 0;
		};
		38B1B5FD2CD68B5D004FD50B /* Frameworks */ = {
			isa = PBXFrameworksBuildPhase;
			buildActionMask = 2147483647;
			files = (
			);
			runOnlyForDeploymentPostprocessing = 0;
		};
/* End PBXFrameworksBuildPhase section */

/* Begin PBXGroup section */
		38B1B5DD2CD68B5B004FD50B = {
			isa = PBXGroup;
			children = (
				38B1B6342CD6B384004FD50B /* README.txt */,
				38B1B5E82CD68B5B004FD50B /* To-do-list */,
				38B1B5F92CD68B5D004FD50B /* To-do-listTests */,
				38B1B6032CD68B5D004FD50B /* To-do-listUITests */,
				38B1B5E72CD68B5B004FD50B /* Products */,
			);
			sourceTree = "<group>";
		};
		38B1B5E72CD68B5B004FD50B /* Products */ = {
			isa = PBXGroup;
			children = (
				38B1B5E62CD68B5B004FD50B /* To-do-list.app */,
				38B1B5F62CD68B5D004FD50B /* To-do-listTests.xctest */,
				38B1B6002CD68B5D004FD50B /* To-do-listUITests.xctest */,
			);
			name = Products;
			sourceTree = "<group>";
		};
/* End PBXGroup section */

/* Begin PBXNativeTarget section */
		38B1B5E52CD68B5B004FD50B /* To-do-list */ = {
			isa = PBXNativeTarget;
			buildConfigurationList = 38B1B60A2CD68B5D004FD50B /* Build configuration list for PBXNativeTarget "To-do-list" */;
			buildPhases = (
				38B1B5E22CD68B5B004FD50B /* Sources */,
				38B1B5E32CD68B5B004FD50B /* Frameworks */,
				38B1B5E42CD68B5B004FD50B /* Resources */,
			);
			buildRules = (
			);
			dependencies = (
			);
			fileSystemSynchronizedGroups = (
				38B1B5E82CD68B5B004FD50B /* To-do-list */,
			);
			name = "To-do-list";
			packageProductDependencies = (
			);
			productName = "To-do-list";
			productReference = 38B1B5E62CD68B5B004FD50B /* To-do-list.app */;
			productType = "com.apple.product-type.application";
		};
		38B1B5F52CD68B5D004FD50B /* To-do-listTests */ = {
			isa = PBXNativeTarget;
			buildConfigurationList = 38B1B60D2CD68B5D004FD50B /* Build configuration list for PBXNativeTarget "To-do-listTests" */;
			buildPhases = (
				38B1B5F22CD68B5D004FD50B /* Sources */,
				38B1B5F32CD68B5D004FD50B /* Frameworks */,
				38B1B5F42CD68B5D004FD50B /* Resources */,
			);
			buildRules = (
			);
			dependencies = (
				38B1B5F82CD68B5D004FD50B /* PBXTargetDependency */,
			);
			fileSystemSynchronizedGroups = (
				38B1B5F92CD68B5D004FD50B /* To-do-listTests */,
			);
			name = "To-do-listTests";
			packageProductDependencies = (
			);
			productName = "To-do-listTests";
			productReference = 38B1B5F62CD68B5D004FD50B /* To-do-listTests.xctest */;
			productType = "com.apple.product-type.bundle.unit-test";
		};
		38B1B5FF2CD68B5D004FD50B /* To-do-listUITests */ = {
			isa = PBXNativeTarget;
			buildConfigurationList = 38B1B6102CD68B5D004FD50B /* Build configuration list for PBXNativeTarget "To-do-listUITests" */;
			buildPhases = (
				38B1B5FC2CD68B5D004FD50B /* Sources */,
				38B1B5FD2CD68B5D004FD50B /* Frameworks */,
				38B1B5FE2CD68B5D004FD50B /* Resources */,
			);
			buildRules = (
			);
			dependencies = (
				38B1B6022CD68B5D004FD50B /* PBXTargetDependency */,
			);
			fileSystemSynchronizedGroups = (
				38B1B6032CD68B5D004FD50B /* To-do-listUITests */,
			);
			name = "To-do-listUITests";
			packageProductDependencies = (
			);
			productName = "To-do-listUITests";
			productReference = 38B1B6002CD68B5D004FD50B /* To-do-listUITests.xctest */;
			productType = "com.apple.product-type.bundle.ui-testing";
		};
/* End PBXNativeTarget section */

/* Begin PBXProject section */
		38B1B5DE2CD68B5B004FD50B /* Project object */ = {
			isa = PBXProject;
			attributes = {
				BuildIndependentTargetsInParallel = 1;
				LastSwiftUpdateCheck = 1610;
				LastUpgradeCheck = 1610;
				TargetAttributes = {
					38B1B5E52CD68B5B004FD50B = {
						CreatedOnToolsVersion = 16.1;
					};
					38B1B5F52CD68B5D004FD50B = {
						CreatedOnToolsVersion = 16.1;
						TestTargetID = 38B1B5E52CD68B5B004FD50B;
					};
					38B1B5FF2CD68B5D004FD50B = {
						CreatedOnToolsVersion = 16.1;
						TestTargetID = 38B1B5E52CD68B5B004FD50B;
					};
				};
			};
			buildConfigurationList = 38B1B5E12CD68B5B004FD50B /* Build configuration list for PBXProject "To-do-list" */;
			developmentRegion = en;
			hasScannedForEncodings = 0;
			knownRegions = (
				en,
				Base,
			);
			mainGroup = 38B1B5DD2CD68B5B004FD50B;
			minimizedProjectReferenceProxies = 1;
			preferredProjectObjectVersion = 77;
			productRefGroup = 38B1B5E72CD68B5B004FD50B /* Products */;
			projectDirPath = "";
			projectRoot = "";
			targets = (
				38B1B5E52CD68B5B004FD50B /* To-do-list */,
				38B1B5F52CD68B5D004FD50B /* To-do-listTests */,
				38B1B5FF2CD68B5D004FD50B /* To-do-listUITests */,
			);
		};
/* End PBXProject section */

/* Begin PBXResourcesBuildPhase section */
		38B1B5E42CD68B5B004FD50B /* Resources */ = {
			isa = PBXResourcesBuildPhase;
			buildActionMask = 2147483647;
			files = (
				38B1B6352CD6B384004FD50B /* README.txt in Resources */,
			);
			runOnlyForDeploymentPostprocessing = 0;
		};
		38B1B5F42CD68B5D004FD50B /* Resources */ = {
			isa = PBXResourcesBuildPhase;
			buildActionMask = 2147483647;
			files = (
			);
			runOnlyForDeploymentPostprocessing = 0;
		};
		38B1B5FE2CD68B5D004FD50B /* Resources */ = {
			isa = PBXResourcesBuildPhase;
			buildActionMask = 2147483647;
			files = (
			);
			runOnlyForDeploymentPostprocessing = 0;
		};
/* End PBXResourcesBuildPhase section */

/* Begin PBXSourcesBuildPhase section */
		38B1B5E22CD68B5B004FD50B /* Sources */ = {
			isa = PBXSourcesBuildPhase;
			buildActionMask = 2147483647;
			files = (
			);
			runOnlyForDeploymentPostprocessing = 0;
		};
		38B1B5F22CD68B5D004FD50B /* Sources */ = {
			isa = PBXSourcesBuildPhase;
			buildActionMask = 2147483647;
			files = (
			);
			runOnlyForDeploymentPostprocessing = 0;
		};
		38B1B5FC2CD68B5D004FD50B /* Sources */ = {
			isa = PBXSourcesBuildPhase;
			buildActionMask = 2147483647;
			files = (
			);
			runOnlyForDeploymentPostprocessing = 0;
		};
/* End PBXSourcesBuildPhase section */

/* Begin PBXTargetDependency section */
		38B1B5F82CD68B5D004FD50B /* PBXTargetDependency */ = {
			isa = PBXTargetDependency;
			target = 38B1B5E52CD68B5B004FD50B /* To-do-list */;
			targetProxy = 38B1B5F72CD68B5D004FD50B /* PBXContainerItemProxy */;
		};
		38B1B6022CD68B5D004FD50B /* PBXTargetDependency */ = {
			isa = PBXTargetDependency;
			target = 38B1B5E52CD68B5B004FD50B /* To-do-list */;
			targetProxy = 38B1B6012CD68B5D004FD50B /* PBXContainerItemProxy */;
		};
/* End PBXTargetDependency section */

/* Begin XCBuildConfiguration section */
		38B1B6082CD68B5D004FD50B /* Debug */ = {
			isa = XCBuildConfiguration;
			buildSettings = {
				ALWAYS_SEARCH_USER_PATHS = NO;
				ASSETCATALOG_COMPILER_GENERATE_SWIFT_ASSET_SYMBOL_EXTENSIONS = YES;
				CLANG_ANALYZER_NONNULL = YES;
				CLANG_ANALYZER_NUMBER_OBJECT_CONVERSION = YES_AGGRESSIVE;
				CLANG_CXX_LANGUAGE_STANDARD = "gnu++20";
				CLANG_ENABLE_MODULES = YES;
				CLANG_ENABLE_OBJC_ARC = YES;
				CLANG_ENABLE_OBJC_WEAK = YES;
				CLANG_WARN_BLOCK_CAPTURE_AUTORELEASING = YES;
				CLANG_WARN_BOOL_CONVERSION = YES;
				CLANG_WARN_COMMA = YES;
				CLANG_WARN_CONSTANT_CONVERSION = YES;
				CLANG_WARN_DEPRECATED_OBJC_IMPLEMENTATIONS = YES;
				CLANG_WARN_DIRECT_OBJC_ISA_USAGE = YES_ERROR;
				CLANG_WARN_DOCUMENTATION_COMMENTS = YES;
				CLANG_WARN_EMPTY_BODY = YES;
				CLANG_WARN_ENUM_CONVERSION = YES;
				CLANG_WARN_INFINITE_RECURSION = YES;
				CLANG_WARN_INT_CONVERSION = YES;
				CLANG_WARN_NON_LITERAL_NULL_CONVERSION = YES;
				CLANG_WARN_OBJC_IMPLICIT_RETAIN_SELF = YES;
				CLANG_WARN_OBJC_LITERAL_CONVERSION = YES;
				CLANG_WARN_OBJC_ROOT_CLASS = YES_ERROR;
				CLANG_WARN_QUOTED_INCLUDE_IN_FRAMEWORK_HEADER = YES;
				CLANG_WARN_RANGE_LOOP_ANALYSIS = YES;
				CLANG_WARN_STRICT_PROTOTYPES = YES;
				CLANG_WARN_SUSPICIOUS_MOVE = YES;
				CLANG_WARN_UNGUARDED_AVAILABILITY = YES_AGGRESSIVE;
				CLANG_WARN_UNREACHABLE_CODE = YES;
				CLANG_WARN__DUPLICATE_METHOD_MATCH = YES;
				COPY_PHASE_STRIP = NO;
				DEBUG_INFORMATION_FORMAT = dwarf;
				ENABLE_STRICT_OBJC_MSGSEND = YES;
				ENABLE_TESTABILITY = YES;
				ENABLE_USER_SCRIPT_SANDBOXING = YES;
				GCC_C_LANGUAGE_STANDARD = gnu17;
				GCC_DYNAMIC_NO_PIC = NO;
				GCC_NO_COMMON_BLOCKS = YES;
				GCC_OPTIMIZATION_LEVEL = 0;
				GCC_PREPROCESSOR_DEFINITIONS = (
					"DEBUG=1",
					"$(inherited)",
				);
				GCC_WARN_64_TO_32_BIT_CONVERSION = YES;
				GCC_WARN_ABOUT_RETURN_TYPE = YES_ERROR;
				GCC_WARN_UNDECLARED_SELECTOR = YES;
				GCC_WARN_UNINITIALIZED_AUTOS = YES_AGGRESSIVE;
				GCC_WARN_UNUSED_FUNCTION = YES;
				GCC_WARN_UNUSED_VARIABLE = YES;
				IPHONEOS_DEPLOYMENT_TARGET = 18.1;
				LOCALIZATION_PREFERS_STRING_CATALOGS = YES;
				MTL_ENABLE_DEBUG_INFO = INCLUDE_SOURCE;
				MTL_FAST_MATH = YES;
				ONLY_ACTIVE_ARCH = YES;
				SDKROOT = iphoneos;
				SWIFT_ACTIVE_COMPILATION_CONDITIONS = "DEBUG $(inherited)";
				SWIFT_OPTIMIZATION_LEVEL = "-Onone";
			};
			name = Debug;
		};
		38B1B6092CD68B5D004FD50B /* Release */ = {
			isa = XCBuildConfiguration;
			buildSettings = {
				ALWAYS_SEARCH_USER_PATHS = NO;
				ASSETCATALOG_COMPILER_GENERATE_SWIFT_ASSET_SYMBOL_EXTENSIONS = YES;
				CLANG_ANALYZER_NONNULL = YES;
				CLANG_ANALYZER_NUMBER_OBJECT_CONVERSION = YES_AGGRESSIVE;
				CLANG_CXX_LANGUAGE_STANDARD = "gnu++20";
				CLANG_ENABLE_MODULES = YES;
				CLANG_ENABLE_OBJC_ARC = YES;
				CLANG_ENABLE_OBJC_WEAK = YES;
				CLANG_WARN_BLOCK_CAPTURE_AUTORELEASING = YES;
				CLANG_WARN_BOOL_CONVERSION = YES;
				CLANG_WARN_COMMA = YES;
				CLANG_WARN_CONSTANT_CONVERSION = YES;
				CLANG_WARN_DEPRECATED_OBJC_IMPLEMENTATIONS = YES;
				CLANG_WARN_DIRECT_OBJC_ISA_USAGE = YES_ERROR;
				CLANG_WARN_DOCUMENTATION_COMMENTS = YES;
				CLANG_WARN_EMPTY_BODY = YES;
				CLANG_WARN_ENUM_CONVERSION = YES;
				CLANG_WARN_INFINITE_RECURSION = YES;
				CLANG_WARN_INT_CONVERSION = YES;
				CLANG_WARN_NON_LITERAL_NULL_CONVERSION = YES;
				CLANG_WARN_OBJC_IMPLICIT_RETAIN_SELF = YES;
				CLANG_WARN_OBJC_LITERAL_CONVERSION = YES;
				CLANG_WARN_OBJC_ROOT_CLASS = YES_ERROR;
				CLANG_WARN_QUOTED_INCLUDE_IN_FRAMEWORK_HEADER = YES;
				CLANG_WARN_RANGE_LOOP_ANALYSIS = YES;
				CLANG_WARN_STRICT_PROTOTYPES = YES;
				CLANG_WARN_SUSPICIOUS_MOVE = YES;
				CLANG_WARN_UNGUARDED_AVAILABILITY = YES_AGGRESSIVE;
				CLANG_WARN_UNREACHABLE_CODE = YES;
				CLANG_WARN__DUPLICATE_METHOD_MATCH = YES;
				COPY_PHASE_STRIP = NO;
				DEBUG_INFORMATION_FORMAT = "dwarf-with-dsym";
				ENABLE_NS_ASSERTIONS = NO;
				ENABLE_STRICT_OBJC_MSGSEND = YES;
				ENABLE_USER_SCRIPT_SANDBOXING = YES;
				GCC_C_LANGUAGE_STANDARD = gnu17;
				GCC_NO_COMMON_BLOCKS = YES;
				GCC_WARN_64_TO_32_BIT_CONVERSION = YES;
				GCC_WARN_ABOUT_RETURN_TYPE = YES_ERROR;
				GCC_WARN_UNDECLARED_SELECTOR = YES;
				GCC_WARN_UNINITIALIZED_AUTOS = YES_AGGRESSIVE;
				GCC_WARN_UNUSED_FUNCTION = YES;
				GCC_WARN_UNUSED_VARIABLE = YES;
				IPHONEOS_DEPLOYMENT_TARGET = 18.1;
				LOCALIZATION_PREFERS_STRING_CATALOGS = YES;
				MTL_ENABLE_DEBUG_INFO = NO;
				MTL_FAST_MATH = YES;
				SDKROOT = iphoneos;
				SWIFT_COMPILATION_MODE = wholemodule;
				VALIDATE_PRODUCT = YES;
			};
			name = Release;
		};
		38B1B60B2CD68B5D004FD50B /* Debug */ = {
			isa = XCBuildConfiguration;
			buildSettings = {
				ASSETCATALOG_COMPILER_APPICON_NAME = AppIcon;
				ASSETCATALOG_COMPILER_GLOBAL_ACCENT_COLOR_NAME = AccentColor;
				CODE_SIGN_STYLE = Automatic;
				CURRENT_PROJECT_VERSION = 1;
				DEVELOPMENT_ASSET_PATHS = "\"To-do-list/Preview Content\"";
				DEVELOPMENT_TEAM = PW2KQ5SA83;
				ENABLE_PREVIEWS = YES;
				GENERATE_INFOPLIST_FILE = YES;
				INFOPLIST_KEY_UIApplicationSceneManifest_Generation = YES;
				INFOPLIST_KEY_UIApplicationSupportsIndirectInputEvents = YES;
				INFOPLIST_KEY_UILaunchScreen_Generation = YES;
				INFOPLIST_KEY_UISupportedInterfaceOrientations_iPad = "UIInterfaceOrientationPortrait UIInterfaceOrientationPortraitUpsideDown UIInterfaceOrientationLandscapeLeft UIInterfaceOrientationLandscapeRight";
				INFOPLIST_KEY_UISupportedInterfaceOrientations_iPhone = "UIInterfaceOrientationPortrait UIInterfaceOrientationLandscapeLeft UIInterfaceOrientationLandscapeRight";
				IPHONEOS_DEPLOYMENT_TARGET = 16.6;
				LD_RUNPATH_SEARCH_PATHS = (
					"$(inherited)",
					"@executable_path/Frameworks",
				);
				MARKETING_VERSION = 1.0;
				PRODUCT_BUNDLE_IDENTIFIER = "byui.To-do-list";
				PRODUCT_NAME = "$(TARGET_NAME)";
				SWIFT_EMIT_LOC_STRINGS = YES;
				SWIFT_VERSION = 5.0;
				TARGETED_DEVICE_FAMILY = "1,2";
			};
			name = Debug;
		};
		38B1B60C2CD68B5D004FD50B /* Release */ = {
			isa = XCBuildConfiguration;
			buildSettings = {
				ASSETCATALOG_COMPILER_APPICON_NAME = AppIcon;
				ASSETCATALOG_COMPILER_GLOBAL_ACCENT_COLOR_NAME = AccentColor;
				CODE_SIGN_STYLE = Automatic;
				CURRENT_PROJECT_VERSION = 1;
				DEVELOPMENT_ASSET_PATHS = "\"To-do-list/Preview Content\"";
				DEVELOPMENT_TEAM = PW2KQ5SA83;
				ENABLE_PREVIEWS = YES;
				GENERATE_INFOPLIST_FILE = YES;
				INFOPLIST_KEY_UIApplicationSceneManifest_Generation = YES;
				INFOPLIST_KEY_UIApplicationSupportsIndirectInputEvents = YES;
				INFOPLIST_KEY_UILaunchScreen_Generation = YES;
				INFOPLIST_KEY_UISupportedInterfaceOrientations_iPad = "UIInterfaceOrientationPortrait UIInterfaceOrientationPortraitUpsideDown UIInterfaceOrientationLandscapeLeft UIInterfaceOrientationLandscapeRight";
				INFOPLIST_KEY_UISupportedInterfaceOrientations_iPhone = "UIInterfaceOrientationPortrait UIInterfaceOrientationLandscapeLeft UIInterfaceOrientationLandscapeRight";
				IPHONEOS_DEPLOYMENT_TARGET = 16.6;
				LD_RUNPATH_SEARCH_PATHS = (
					"$(inherited)",
					"@executable_path/Frameworks",
				);
				MARKETING_VERSION = 1.0;
				PRODUCT_BUNDLE_IDENTIFIER = "byui.To-do-list";
				PRODUCT_NAME = "$(TARGET_NAME)";
				SWIFT_EMIT_LOC_STRINGS = YES;
				SWIFT_VERSION = 5.0;
				TARGETED_DEVICE_FAMILY = "1,2";
			};
			name = Release;
		};
		38B1B60E2CD68B5D004FD50B /* Debug */ = {
			isa = XCBuildConfiguration;
			buildSettings = {
				BUNDLE_LOADER = "$(TEST_HOST)";
				CODE_SIGN_STYLE = Automatic;
				CURRENT_PROJECT_VERSION = 1;
				GENERATE_INFOPLIST_FILE = YES;
				IPHONEOS_DEPLOYMENT_TARGET = 18.1;
				MARKETING_VERSION = 1.0;
				PRODUCT_BUNDLE_IDENTIFIER = "byui.To-do-listTests";
				PRODUCT_NAME = "$(TARGET_NAME)";
				SWIFT_EMIT_LOC_STRINGS = NO;
				SWIFT_VERSION = 5.0;
				TARGETED_DEVICE_FAMILY = "1,2";
				TEST_HOST = "$(BUILT_PRODUCTS_DIR)/To-do-list.app/$(BUNDLE_EXECUTABLE_FOLDER_PATH)/To-do-list";
			};
			name = Debug;
		};
		38B1B60F2CD68B5D004FD50B /* Release */ = {
			isa = XCBuildConfiguration;
			buildSettings = {
				BUNDLE_LOADER = "$(TEST_HOST)";
				CODE_SIGN_STYLE = Automatic;
				CURRENT_PROJECT_VERSION = 1;
				GENERATE_INFOPLIST_FILE = YES;
				IPHONEOS_DEPLOYMENT_TARGET = 18.1;
				MARKETING_VERSION = 1.0;
				PRODUCT_BUNDLE_IDENTIFIER = "byui.To-do-listTests";
				PRODUCT_NAME = "$(TARGET_NAME)";
				SWIFT_EMIT_LOC_STRINGS = NO;
				SWIFT_VERSION = 5.0;
				TARGETED_DEVICE_FAMILY = "1,2";
				TEST_HOST = "$(BUILT_PRODUCTS_DIR)/To-do-list.app/$(BUNDLE_EXECUTABLE_FOLDER_PATH)/To-do-list";
			};
			name = Release;
		};
		38B1B6112CD68B5D004FD50B /* Debug */ = {
			isa = XCBuildConfiguration;
			buildSettings = {
				CODE_SIGN_STYLE = Automatic;
				CURRENT_PROJECT_VERSION = 1;
				GENERATE_INFOPLIST_FILE = YES;
				MARKETING_VERSION = 1.0;
				PRODUCT_BUNDLE_IDENTIFIER = "byui.To-do-listUITests";
				PRODUCT_NAME = "$(TARGET_NAME)";
				SWIFT_EMIT_LOC_STRINGS = NO;
				SWIFT_VERSION = 5.0;
				TARGETED_DEVICE_FAMILY = "1,2";
				TEST_TARGET_NAME = "To-do-list";
			};
			name = Debug;
		};
		38B1B6122CD68B5D004FD50B /* Release */ = {
			isa = XCBuildConfiguration;
			buildSettings = {
				CODE_SIGN_STYLE = Automatic;
				CURRENT_PROJECT_VERSION = 1;
				GENERATE_INFOPLIST_FILE = YES;
				MARKETING_VERSION = 1.0;
				PRODUCT_BUNDLE_IDENTIFIER = "byui.To-do-listUITests";
				PRODUCT_NAME = "$(TARGET_NAME)";
				SWIFT_EMIT_LOC_STRINGS = NO;
				SWIFT_VERSION = 5.0;
				TARGETED_DEVICE_FAMILY = "1,2";
				TEST_TARGET_NAME = "To-do-list";
			};
			name = Release;
		};
/* End XCBuildConfiguration section */

/* Begin XCConfigurationList section */
		38B1B5E12CD68B5B004FD50B /* Build configuration list for PBXProject "To-do-list" */ = {
			isa = XCConfigurationList;
			buildConfigurations = (
				38B1B6082CD68B5D004FD50B /* Debug */,
				38B1B6092CD68B5D004FD50B /* Release */,
			);
			defaultConfigurationIsVisible = 0;
			defaultConfigurationName = Release;
		};
		38B1B60A2CD68B5D004FD50B /* Build configuration list for PBXNativeTarget "To-do-list" */ = {
			isa = XCConfigurationList;
			buildConfigurations = (
				38B1B60B2CD68B5D004FD50B /* Debug */,
				38B1B60C2CD68B5D004FD50B /* Release */,
			);
			defaultConfigurationIsVisible = 0;
			defaultConfigurationName = Release;
		};
		38B1B60D2CD68B5D004FD50B /* Build configuration list for PBXNativeTarget "To-do-listTests" */ = {
			isa = XCConfigurationList;
			buildConfigurations = (
				38B1B60E2CD68B5D004FD50B /* Debug */,
				38B1B60F2CD68B5D004FD50B /* Release */,
			);
			defaultConfigurationIsVisible = 0;
			defaultConfigurationName = Release;
		};
		38B1B6102CD68B5D004FD50B /* Build configuration list for PBXNativeTarget "To-do-listUITests" */ = {
			isa = XCConfigurationList;
			buildConfigurations = (
				38B1B6112CD68B5D004FD50B /* Debug */,
				38B1B6122CD68B5D004FD50B /* Release */,
			);
			defaultConfigurationIsVisible = 0;
			defaultConfigurationName = Release;
		};
/* End XCConfigurationList section */
	};
	rootObject = 38B1B5DE2CD68B5B004FD50B /* Project object */;
}
